
Microsoft Visual Studio Solution File, Format Version 12.00
# Visual Studio 15
VisualStudioVersion = 15.0.27130.0
MinimumVisualStudioVersion = 10.0.40219.1
Project("{FAE04EC0-301F-11D3-BF4B-00C04F79EFBC}") = "PortfolioManager.Main", "PortfolioManager\PortfolioManager.Main\PortfolioManager.Main.csproj", "{5C1D2EE2-938C-4D5C-99C6-5FF3DA93BEE4}"
EndProject
Project("{FAE04EC0-301F-11D3-BF4B-00C04F79EFBC}") = "PortfolioManager.Common", "PortfolioManager\PortfolioManager.Common\PortfolioManager.Common.csproj", "{E1BFB29C-9356-4517-B427-49C3440E7E74}"
EndProject
Project("{FAE04EC0-301F-11D3-BF4B-00C04F79EFBC}") = "PortfolioManager.Modules", "PortfolioManager\PortfolioManager.Modules\PortfolioManager.Modules.csproj", "{5EEE762E-BCE0-422F-B942-B8C96EFB55A0}"
EndProject
Project("{FAE04EC0-301F-11D3-BF4B-00C04F79EFBC}") = "PortfolioManager.Tests", "PortfolioManager\PortfolioManager.Tests\PortfolioManager.Tests.csproj", "{722D3479-512E-4182-BA0E-2E50A60EDAE0}"
EndProject
Project("{FAE04EC0-301F-11D3-BF4B-00C04F79EFBC}") = "PortfolioManager.ClientApi", "PortfolioManager\PortfolioManager.ClientApi\PortfolioManager.ClientApi.csproj", "{BAA8878F-57AB-4206-9EC1-D2AFEDCBB184}"
EndProject
Global
	GlobalSection(SolutionConfigurationPlatforms) = preSolution
		Debug|Any CPU = Debug|Any CPU
		Release|Any CPU = Release|Any CPU
	EndGlobalSection
	GlobalSection(ProjectConfigurationPlatforms) = postSolution
		{5C1D2EE2-938C-4D5C-99C6-5FF3DA93BEE4}.Debug|Any CPU.ActiveCfg = Debug|Any CPU
		{5C1D2EE2-938C-4D5C-99C6-5FF3DA93BEE4}.Debug|Any CPU.Build.0 = Debug|Any CPU
		{5C1D2EE2-938C-4D5C-99C6-5FF3DA93BEE4}.Release|Any CPU.ActiveCfg = Release|Any CPU
		{5C1D2EE2-938C-4D5C-99C6-5FF3DA93BEE4}.Release|Any CPU.Build.0 = Release|Any CPU
		{E1BFB29C-9356-4517-B427-49C3440E7E74}.Debug|Any CPU.ActiveCfg = Debug|Any CPU
		{E1BFB29C-9356-4517-B427-49C3440E7E74}.Debug|Any CPU.Build.0 = Debug|Any CPU
		{E1BFB29C-9356-4517-B427-49C3440E7E74}.Release|Any CPU.ActiveCfg = Release|Any CPU
		{E1BFB29C-9356-4517-B427-49C3440E7E74}.Release|Any CPU.Build.0 = Release|Any CPU
		{5EEE762E-BCE0-422F-B942-B8C96EFB55A0}.Debug|Any CPU.ActiveCfg = Debug|Any CPU
		{5EEE762E-BCE0-422F-B942-B8C96EFB55A0}.Debug|Any CPU.Build.0 = Debug|Any CPU
		{5EEE762E-BCE0-422F-B942-B8C96EFB55A0}.Release|Any CPU.ActiveCfg = Release|Any CPU
		{5EEE762E-BCE0-422F-B942-B8C96EFB55A0}.Release|Any CPU.Build.0 = Release|Any CPU
		{722D3479-512E-4182-BA0E-2E50A60EDAE0}.Debug|Any CPU.ActiveCfg = Debug|Any CPU
		{722D3479-512E-4182-BA0E-2E50A60EDAE0}.Debug|Any CPU.Build.0 = Debug|Any CPU
		{722D3479-512E-4182-BA0E-2E50A60EDAE0}.Release|Any CPU.ActiveCfg = Release|Any CPU
		{722D3479-512E-4182-BA0E-2E50A60EDAE0}.Release|Any CPU.Build.0 = Release|Any CPU
		{BAA8878F-57AB-4206-9EC1-D2AFEDCBB184}.Debug|Any CPU.ActiveCfg = Debug|Any CPU
		{BAA8878F-57AB-4206-9EC1-D2AFEDCBB184}.Debug|Any CPU.Build.0 = Debug|Any CPU
		{BAA8878F-57AB-4206-9EC1-D2AFEDCBB184}.Release|Any CPU.ActiveCfg = Release|Any CPU
		{BAA8878F-57AB-4206-9EC1-D2AFEDCBB184}.Release|Any CPU.Build.0 = Release|Any CPU
	EndGlobalSection
	GlobalSection(SolutionProperties) = preSolution
		HideSolutionNode = FALSE
	EndGlobalSection
	GlobalSection(ExtensibilityGlobals) = postSolution
		SolutionGuid = {E5A6A317-58BC-42EC-8B9E-7A99D5ED7CEF}
	EndGlobalSection
EndGlobal
